
Microsoft Visual Studio Solution File, Format Version 12.00
# Visual Studio 14
VisualStudioVersion = 14.0.22310.1
MinimumVisualStudioVersion = 10.0.40219.1
Project("{FAE04EC0-301F-11D3-BF4B-00C04F79EFBC}") = "CoolpyImageTool", "CoolpyImageTool\CoolpyImageTool.csproj", "{FB736A06-0146-4706-AFF5-81838C802006}"
EndProject
Global
	GlobalSection(SolutionConfigurationPlatforms) = preSolution
		Debug|Any CPU = Debug|Any CPU
		Release|Any CPU = Release|Any CPU
	EndGlobalSection
	GlobalSection(ProjectConfigurationPlatforms) = postSolution
		{FB736A06-0146-4706-AFF5-81838C802006}.Debug|Any CPU.ActiveCfg = Debug|Any CPU
		{FB736A06-0146-4706-AFF5-81838C802006}.Debug|Any CPU.Build.0 = Debug|Any CPU
		{FB736A06-0146-4706-AFF5-81838C802006}.Release|Any CPU.ActiveCfg = Release|Any CPU
		{FB736A06-0146-4706-AFF5-81838C802006}.Release|Any CPU.Build.0 = Release|Any CPU
	EndGlobalSection
	GlobalSection(SolutionProperties) = preSolution
		HideSolutionNode = FALSE
	EndGlobalSection
EndGlobal
